
Microsoft Visual Studio Solution File, Format Version 12.00
# Visual Studio 14
VisualStudioVersion = 14.0.25420.1
MinimumVisualStudioVersion = 10.0.40219.1
Project("{FAE04EC0-301F-11D3-BF4B-00C04F79EFBC}") = "MiniSuper", "MiniSuper\MiniSuper.csproj", "{A7EF1BD9-C48E-4EC2-AD6C-3A1243AE8CF1}"
EndProject
Project("{FAE04EC0-301F-11D3-BF4B-00C04F79EFBC}") = "DALL", "DALL\DALL.csproj", "{72197AE0-E802-49E4-8CA2-210382FEABB8}"
EndProject
Project("{FAE04EC0-301F-11D3-BF4B-00C04F79EFBC}") = "BLL1", "BLL1\BLL1.csproj", "{1F0FC315-30D8-4C0A-B389-35F021159A49}"
EndProject
Global
	GlobalSection(SolutionConfigurationPlatforms) = preSolution
		Debug|Any CPU = Debug|Any CPU
		Release|Any CPU = Release|Any CPU
	EndGlobalSection
	GlobalSection(ProjectConfigurationPlatforms) = postSolution
		{A7EF1BD9-C48E-4EC2-AD6C-3A1243AE8CF1}.Debug|Any CPU.ActiveCfg = Debug|Any CPU
		{A7EF1BD9-C48E-4EC2-AD6C-3A1243AE8CF1}.Debug|Any CPU.Build.0 = Debug|Any CPU
		{A7EF1BD9-C48E-4EC2-AD6C-3A1243AE8CF1}.Release|Any CPU.ActiveCfg = Release|Any CPU
		{A7EF1BD9-C48E-4EC2-AD6C-3A1243AE8CF1}.Release|Any CPU.Build.0 = Release|Any CPU
		{72197AE0-E802-49E4-8CA2-210382FEABB8}.Debug|Any CPU.ActiveCfg = Debug|Any CPU
		{72197AE0-E802-49E4-8CA2-210382FEABB8}.Debug|Any CPU.Build.0 = Debug|Any CPU
		{72197AE0-E802-49E4-8CA2-210382FEABB8}.Release|Any CPU.ActiveCfg = Release|Any CPU
		{72197AE0-E802-49E4-8CA2-210382FEABB8}.Release|Any CPU.Build.0 = Release|Any CPU
		{1F0FC315-30D8-4C0A-B389-35F021159A49}.Debug|Any CPU.ActiveCfg = Debug|Any CPU
		{1F0FC315-30D8-4C0A-B389-35F021159A49}.Debug|Any CPU.Build.0 = Debug|Any CPU
		{1F0FC315-30D8-4C0A-B389-35F021159A49}.Release|Any CPU.ActiveCfg = Release|Any CPU
		{1F0FC315-30D8-4C0A-B389-35F021159A49}.Release|Any CPU.Build.0 = Release|Any CPU
	EndGlobalSection
	GlobalSection(SolutionProperties) = preSolution
		HideSolutionNode = FALSE
	EndGlobalSection
EndGlobal
